
Microsoft Visual Studio Solution File, Format Version 12.00
# Visual Studio Version 17
VisualStudioVersion = 17.7.34003.232
MinimumVisualStudioVersion = 10.0.40219.1
Project("{FAE04EC0-301F-11D3-BF4B-00C04F79EFBC}") = "DialogueLibrary", "DialogueLibrary\DialogueLibrary.csproj", "{4F2BEE30-3F32-4B42-A764-BD030B01E5C9}"
EndProject
Project("{FAE04EC0-301F-11D3-BF4B-00C04F79EFBC}") = "DialogueApplication", "DialogueApplication\DialogueApplication.csproj", "{1781A056-590A-4F72-A285-87724186B1CC}"
EndProject
Global
	GlobalSection(SolutionConfigurationPlatforms) = preSolution
		Debug|Any CPU = Debug|Any CPU
		Release|Any CPU = Release|Any CPU
	EndGlobalSection
	GlobalSection(ProjectConfigurationPlatforms) = postSolution
		{4F2BEE30-3F32-4B42-A764-BD030B01E5C9}.Debug|Any CPU.ActiveCfg = Debug|Any CPU
		{4F2BEE30-3F32-4B42-A764-BD030B01E5C9}.Debug|Any CPU.Build.0 = Debug|Any CPU
		{4F2BEE30-3F32-4B42-A764-BD030B01E5C9}.Release|Any CPU.ActiveCfg = Release|Any CPU
		{4F2BEE30-3F32-4B42-A764-BD030B01E5C9}.Release|Any CPU.Build.0 = Release|Any CPU
		{1781A056-590A-4F72-A285-87724186B1CC}.Debug|Any CPU.ActiveCfg = Debug|Any CPU
		{1781A056-590A-4F72-A285-87724186B1CC}.Debug|Any CPU.Build.0 = Debug|Any CPU
		{1781A056-590A-4F72-A285-87724186B1CC}.Release|Any CPU.ActiveCfg = Release|Any CPU
		{1781A056-590A-4F72-A285-87724186B1CC}.Release|Any CPU.Build.0 = Release|Any CPU
	EndGlobalSection
	GlobalSection(SolutionProperties) = preSolution
		HideSolutionNode = FALSE
	EndGlobalSection
	GlobalSection(ExtensibilityGlobals) = postSolution
		SolutionGuid = {F23D82D7-7F48-4B51-A19C-8041C7436372}
	EndGlobalSection
EndGlobal
